
Microsoft Visual Studio Solution File, Format Version 12.00
# Visual Studio Version 17
VisualStudioVersion = 17.14.36414.22
MinimumVisualStudioVersion = 10.0.40219.1
Project("{FAE04EC0-301F-11D3-BF4B-00C04F79EFBC}") = "MovieRatingsAnalyser", "MovieRatingsAnalyser\MovieRatingsAnalyser.csproj", "{8197F279-8821-41F6-87C4-5953392CB20B}"
EndProject
Global
	GlobalSection(SolutionConfigurationPlatforms) = preSolution
		Debug|Any CPU = Debug|Any CPU
		Release|Any CPU = Release|Any CPU
	EndGlobalSection
	GlobalSection(ProjectConfigurationPlatforms) = postSolution
		{8197F279-8821-41F6-87C4-5953392CB20B}.Debug|Any CPU.ActiveCfg = Debug|Any CPU
		{8197F279-8821-41F6-87C4-5953392CB20B}.Debug|Any CPU.Build.0 = Debug|Any CPU
		{8197F279-8821-41F6-87C4-5953392CB20B}.Release|Any CPU.ActiveCfg = Release|Any CPU
		{8197F279-8821-41F6-87C4-5953392CB20B}.Release|Any CPU.Build.0 = Release|Any CPU
	EndGlobalSection
	GlobalSection(SolutionProperties) = preSolution
		HideSolutionNode = FALSE
	EndGlobalSection
	GlobalSection(ExtensibilityGlobals) = postSolution
		SolutionGuid = {EACE96F3-2510-454D-ACBF-AF9775F726C1}
	EndGlobalSection
EndGlobal
